
Microsoft Visual Studio Solution File, Format Version 12.00
# Visual Studio Version 16
VisualStudioVersion = 16.0.29306.81
MinimumVisualStudioVersion = 10.0.40219.1
Project("{FAE04EC0-301F-11D3-BF4B-00C04F79EFBC}") = "Lewandowski3", "Lewandowski3\Lewandowski3.csproj", "{B5704BCA-BFB7-48BD-8FE6-35A7E5964DD8}"
EndProject
Global
	GlobalSection(SolutionConfigurationPlatforms) = preSolution
		Debug|Any CPU = Debug|Any CPU
		Release|Any CPU = Release|Any CPU
	EndGlobalSection
	GlobalSection(ProjectConfigurationPlatforms) = postSolution
		{B5704BCA-BFB7-48BD-8FE6-35A7E5964DD8}.Debug|Any CPU.ActiveCfg = Debug|Any CPU
		{B5704BCA-BFB7-48BD-8FE6-35A7E5964DD8}.Debug|Any CPU.Build.0 = Debug|Any CPU
		{B5704BCA-BFB7-48BD-8FE6-35A7E5964DD8}.Release|Any CPU.ActiveCfg = Release|Any CPU
		{B5704BCA-BFB7-48BD-8FE6-35A7E5964DD8}.Release|Any CPU.Build.0 = Release|Any CPU
	EndGlobalSection
	GlobalSection(SolutionProperties) = preSolution
		HideSolutionNode = FALSE
	EndGlobalSection
	GlobalSection(ExtensibilityGlobals) = postSolution
		SolutionGuid = {6206010C-3B1B-4D04-8BE2-DBD5602EB239}
	EndGlobalSection
EndGlobal
