
Microsoft Visual Studio Solution File, Format Version 12.00
# Visual Studio Version 16
VisualStudioVersion = 16.0.29424.173
MinimumVisualStudioVersion = 10.0.40219.1
Project("{FAE04EC0-301F-11D3-BF4B-00C04F79EFBC}") = "Lewandowski5", "Lewandowski5\Lewandowski5.csproj", "{B603670D-E663-42EB-9CE9-494F928AA3B0}"
EndProject
Global
	GlobalSection(SolutionConfigurationPlatforms) = preSolution
		Debug|Any CPU = Debug|Any CPU
		Release|Any CPU = Release|Any CPU
	EndGlobalSection
	GlobalSection(ProjectConfigurationPlatforms) = postSolution
		{B603670D-E663-42EB-9CE9-494F928AA3B0}.Debug|Any CPU.ActiveCfg = Debug|Any CPU
		{B603670D-E663-42EB-9CE9-494F928AA3B0}.Debug|Any CPU.Build.0 = Debug|Any CPU
		{B603670D-E663-42EB-9CE9-494F928AA3B0}.Release|Any CPU.ActiveCfg = Release|Any CPU
		{B603670D-E663-42EB-9CE9-494F928AA3B0}.Release|Any CPU.Build.0 = Release|Any CPU
	EndGlobalSection
	GlobalSection(SolutionProperties) = preSolution
		HideSolutionNode = FALSE
	EndGlobalSection
	GlobalSection(ExtensibilityGlobals) = postSolution
		SolutionGuid = {C5879181-64FB-4E7B-BD5C-84D981AF8BF5}
	EndGlobalSection
EndGlobal
